// !$*UTF8*$!
{
	archiveVersion = 1;
	classes = {
	};
	objectVersion = 56;
	objects = {

/* Begin PBXBuildFile section */
		DAA9D06B2E1C7C9600405D5C /* ModelList.swift in Sources */ = {isa = PBXBuildFile; fileRef = DAA9D06A2E1C7C9600405D5C /* ModelList.swift */; };
		DAABE3AB2E1DA328006E8310 /* ChatInputBarView.swift in Sources */ = {isa = PBXBuildFile; fileRef = DAABE3AA2E1DA328006E8310 /* ChatInputBarView.swift */; };
		DAABE3AD2E1DAB22006E8310 /* MessagesListView.swift in Sources */ = {isa = PBXBuildFile; fileRef = DAABE3AC2E1DAB22006E8310 /* MessagesListView.swift */; };
		DAABE3AF2E1DAF33006E8310 /* LoadingIndicatorView.swift in Sources */ = {isa = PBXBuildFile; fileRef = DAABE3AE2E1DAF33006E8310 /* LoadingIndicatorView.swift */; };
		DAABE3B12E1DB49F006E8310 /* ChatBackgroundView.swift in Sources */ = {isa = PBXBuildFile; fileRef = DAABE3B02E1DB49F006E8310 /* ChatBackgroundView.swift */; };
		DAAC0AB92E046D040006D33E /* ChatGPTCloneAppApp.swift in Sources */ = {isa = PBXBuildFile; fileRef = DAAC0AB82E046D040006D33E /* ChatGPTCloneAppApp.swift */; };
		DAAC0ABD2E046D070006D33E /* Assets.xcassets in Resources */ = {isa = PBXBuildFile; fileRef = DAAC0ABC2E046D070006D33E /* Assets.xcassets */; };
		DAAC0AC02E046D070006D33E /* Preview Assets.xcassets in Resources */ = {isa = PBXBuildFile; fileRef = DAAC0ABF2E046D070006D33E /* Preview Assets.xcassets */; };
		DAAC0ACC2E04738A0006D33E /* Message.swift in Sources */ = {isa = PBXBuildFile; fileRef = DAAC0ACB2E04738A0006D33E /* Message.swift */; };
		DAAC0ACE2E0473A30006D33E /* GeminiResponse.swift in Sources */ = {isa = PBXBuildFile; fileRef = DAAC0ACD2E0473A30006D33E /* GeminiResponse.swift */; };
		DAAC0AD02E0473DC0006D33E /* NetworkService.swift in Sources */ = {isa = PBXBuildFile; fileRef = DAAC0ACF2E0473DC0006D33E /* NetworkService.swift */; };
		DAAC0AD22E04740C0006D33E /* GeminiNetworkService.swift in Sources */ = {isa = PBXBuildFile; fileRef = DAAC0AD12E04740C0006D33E /* GeminiNetworkService.swift */; };
		DAAC0AD42E0478E60006D33E /* ChatViewModel.swift in Sources */ = {isa = PBXBuildFile; fileRef = DAAC0AD32E0478E60006D33E /* ChatViewModel.swift */; };
		DAAC0ADB2E048FD00006D33E /* NetworkServiceError.swift in Sources */ = {isa = PBXBuildFile; fileRef = DAAC0ADA2E048FD00006D33E /* NetworkServiceError.swift */; };
		DAAC0ADD2E0492760006D33E /* Extensions.swift in Sources */ = {isa = PBXBuildFile; fileRef = DAAC0ADC2E0492760006D33E /* Extensions.swift */; };
		DAAC0ADF2E0493570006D33E /* ChatView.swift in Sources */ = {isa = PBXBuildFile; fileRef = DAAC0ADE2E0493570006D33E /* ChatView.swift */; };
		DAAC0AE12E04938E0006D33E /* MessageBubbleView.swift in Sources */ = {isa = PBXBuildFile; fileRef = DAAC0AE02E04938D0006D33E /* MessageBubbleView.swift */; };
		DAAC0AE32E0494C60006D33E /* IdentifiableError.swift in Sources */ = {isa = PBXBuildFile; fileRef = DAAC0AE22E0494C60006D33E /* IdentifiableError.swift */; };
		DAAC0AE52E04959C0006D33E /* MockNetworkService.swift in Sources */ = {isa = PBXBuildFile; fileRef = DAAC0AE42E04959C0006D33E /* MockNetworkService.swift */; };
/* End PBXBuildFile section */

/* Begin PBXFileReference section */
		DAA9D06A2E1C7C9600405D5C /* ModelList.swift */ = {isa = PBXFileReference; lastKnownFileType = sourcecode.swift; path = ModelList.swift; sourceTree = "<group>"; };
		DAABE3AA2E1DA328006E8310 /* ChatInputBarView.swift */ = {isa = PBXFileReference; lastKnownFileType = sourcecode.swift; path = ChatInputBarView.swift; sourceTree = "<group>"; };
		DAABE3AC2E1DAB22006E8310 /* MessagesListView.swift */ = {isa = PBXFileReference; lastKnownFileType = sourcecode.swift; path = MessagesListView.swift; sourceTree = "<group>"; };
		DAABE3AE2E1DAF33006E8310 /* LoadingIndicatorView.swift */ = {isa = PBXFileReference; lastKnownFileType = sourcecode.swift; path = LoadingIndicatorView.swift; sourceTree = "<group>"; };
		DAABE3B02E1DB49F006E8310 /* ChatBackgroundView.swift */ = {isa = PBXFileReference; lastKnownFileType = sourcecode.swift; path = ChatBackgroundView.swift; sourceTree = "<group>"; };
		DAAC0AB52E046D040006D33E /* ChatGPTCloneApp.app */ = {isa = PBXFileReference; explicitFileType = wrapper.application; includeInIndex = 0; path = ChatGPTCloneApp.app; sourceTree = BUILT_PRODUCTS_DIR; };
		DAAC0AB82E046D040006D33E /* ChatGPTCloneAppApp.swift */ = {isa = PBXFileReference; lastKnownFileType = sourcecode.swift; path = ChatGPTCloneAppApp.swift; sourceTree = "<group>"; };
		DAAC0ABC2E046D070006D33E /* Assets.xcassets */ = {isa = PBXFileReference; lastKnownFileType = folder.assetcatalog; path = Assets.xcassets; sourceTree = "<group>"; };
		DAAC0ABF2E046D070006D33E /* Preview Assets.xcassets */ = {isa = PBXFileReference; lastKnownFileType = folder.assetcatalog; path = "Preview Assets.xcassets"; sourceTree = "<group>"; };
		DAAC0ACB2E04738A0006D33E /* Message.swift */ = {isa = PBXFileReference; lastKnownFileType = sourcecode.swift; path = Message.swift; sourceTree = "<group>"; };
		DAAC0ACD2E0473A30006D33E /* GeminiResponse.swift */ = {isa = PBXFileReference; lastKnownFileType = sourcecode.swift; path = GeminiResponse.swift; sourceTree = "<group>"; };
		DAAC0ACF2E0473DC0006D33E /* NetworkService.swift */ = {isa = PBXFileReference; lastKnownFileType = sourcecode.swift; path = NetworkService.swift; sourceTree = "<group>"; };
		DAAC0AD12E04740C0006D33E /* GeminiNetworkService.swift */ = {isa = PBXFileReference; lastKnownFileType = sourcecode.swift; path = GeminiNetworkService.swift; sourceTree = "<group>"; };
		DAAC0AD32E0478E60006D33E /* ChatViewModel.swift */ = {isa = PBXFileReference; lastKnownFileType = sourcecode.swift; path = ChatViewModel.swift; sourceTree = "<group>"; };
		DAAC0AD72E048B250006D33E /* Secrets.xcconfig */ = {isa = PBXFileReference; lastKnownFileType = text.xcconfig; name = Secrets.xcconfig; path = Resources/Secrets.xcconfig; sourceTree = SOURCE_ROOT; };
		DAAC0ADA2E048FD00006D33E /* NetworkServiceError.swift */ = {isa = PBXFileReference; lastKnownFileType = sourcecode.swift; path = NetworkServiceError.swift; sourceTree = "<group>"; };
		DAAC0ADC2E0492760006D33E /* Extensions.swift */ = {isa = PBXFileReference; lastKnownFileType = sourcecode.swift; path = Extensions.swift; sourceTree = "<group>"; };
		DAAC0ADE2E0493570006D33E /* ChatView.swift */ = {isa = PBXFileReference; lastKnownFileType = sourcecode.swift; path = ChatView.swift; sourceTree = "<group>"; };
		DAAC0AE02E04938D0006D33E /* MessageBubbleView.swift */ = {isa = PBXFileReference; lastKnownFileType = sourcecode.swift; path = MessageBubbleView.swift; sourceTree = "<group>"; };
		DAAC0AE22E0494C60006D33E /* IdentifiableError.swift */ = {isa = PBXFileReference; lastKnownFileType = sourcecode.swift; path = IdentifiableError.swift; sourceTree = "<group>"; };
		DAAC0AE42E04959C0006D33E /* MockNetworkService.swift */ = {isa = PBXFileReference; lastKnownFileType = sourcecode.swift; path = MockNetworkService.swift; sourceTree = "<group>"; };
/* End PBXFileReference section */

/* Begin PBXFrameworksBuildPhase section */
		DAAC0AB22E046D040006D33E /* Frameworks */ = {
			isa = PBXFrameworksBuildPhase;
			buildActionMask = 2147483647;
			files = (
			);
			runOnlyForDeploymentPostprocessing = 0;
		};
/* End PBXFrameworksBuildPhase section */

/* Begin PBXGroup section */
		DAABE3A92E1DA2C2006E8310 /* Components */ = {
			isa = PBXGroup;
			children = (
				DAAC0AE02E04938D0006D33E /* MessageBubbleView.swift */,
				DAABE3AA2E1DA328006E8310 /* ChatInputBarView.swift */,
				DAABE3AC2E1DAB22006E8310 /* MessagesListView.swift */,
				DAABE3AE2E1DAF33006E8310 /* LoadingIndicatorView.swift */,
				DAABE3B02E1DB49F006E8310 /* ChatBackgroundView.swift */,
			);
			path = Components;
			sourceTree = "<group>";
		};
		DAAC0AAC2E046D040006D33E = {
			isa = PBXGroup;
			children = (
				DAAC0AB72E046D040006D33E /* ChatGPTCloneApp */,
				DAAC0AB62E046D040006D33E /* Products */,
			);
			sourceTree = "<group>";
		};
		DAAC0AB62E046D040006D33E /* Products */ = {
			isa = PBXGroup;
			children = (
				DAAC0AB52E046D040006D33E /* ChatGPTCloneApp.app */,
			);
			name = Products;
			sourceTree = "<group>";
		};
		DAAC0AB72E046D040006D33E /* ChatGPTCloneApp */ = {
			isa = PBXGroup;
			children = (
				DAAC0AC62E0470E90006D33E /* Models */,
				DAAC0AC72E0470FF0006D33E /* Views */,
				DAAC0AC82E0471080006D33E /* ViewModels */,
				DAAC0AC92E0471160006D33E /* Service */,
				DAAC0ACA2E0471420006D33E /* Utilities */,
				DAAC0AB82E046D040006D33E /* ChatGPTCloneAppApp.swift */,
				DAAC0ABC2E046D070006D33E /* Assets.xcassets */,
				DAAC0ABE2E046D070006D33E /* Preview Content */,
				DAAC0AD72E048B250006D33E /* Secrets.xcconfig */,
			);
			path = ChatGPTCloneApp;
			sourceTree = "<group>";
		};
		DAAC0ABE2E046D070006D33E /* Preview Content */ = {
			isa = PBXGroup;
			children = (
				DAAC0ABF2E046D070006D33E /* Preview Assets.xcassets */,
			);
			path = "Preview Content";
			sourceTree = "<group>";
		};
		DAAC0AC62E0470E90006D33E /* Models */ = {
			isa = PBXGroup;
			children = (
				DAAC0ACB2E04738A0006D33E /* Message.swift */,
				DAAC0ACD2E0473A30006D33E /* GeminiResponse.swift */,
				DAA9D06A2E1C7C9600405D5C /* ModelList.swift */,
			);
			path = Models;
			sourceTree = "<group>";
		};
		DAAC0AC72E0470FF0006D33E /* Views */ = {
			isa = PBXGroup;
			children = (
				DAAC0ADE2E0493570006D33E /* ChatView.swift */,
				DAABE3A92E1DA2C2006E8310 /* Components */,
			);
			path = Views;
			sourceTree = "<group>";
		};
		DAAC0AC82E0471080006D33E /* ViewModels */ = {
			isa = PBXGroup;
			children = (
				DAAC0AD32E0478E60006D33E /* ChatViewModel.swift */,
			);
			path = ViewModels;
			sourceTree = "<group>";
		};
		DAAC0AC92E0471160006D33E /* Service */ = {
			isa = PBXGroup;
			children = (
				DAAC0ACF2E0473DC0006D33E /* NetworkService.swift */,
				DAAC0AD12E04740C0006D33E /* GeminiNetworkService.swift */,
				DAAC0ADA2E048FD00006D33E /* NetworkServiceError.swift */,
				DAAC0AE42E04959C0006D33E /* MockNetworkService.swift */,
			);
			path = Service;
			sourceTree = "<group>";
		};
		DAAC0ACA2E0471420006D33E /* Utilities */ = {
			isa = PBXGroup;
			children = (
				DAAC0ADC2E0492760006D33E /* Extensions.swift */,
				DAAC0AE22E0494C60006D33E /* IdentifiableError.swift */,
			);
			path = Utilities;
			sourceTree = "<group>";
		};
/* End PBXGroup section */

/* Begin PBXNativeTarget section */
		DAAC0AB42E046D040006D33E /* ChatGPTCloneApp */ = {
			isa = PBXNativeTarget;
			buildConfigurationList = DAAC0AC32E046D070006D33E /* Build configuration list for PBXNativeTarget "ChatGPTCloneApp" */;
			buildPhases = (
				DAAC0AB12E046D040006D33E /* Sources */,
				DAAC0AB22E046D040006D33E /* Frameworks */,
				DAAC0AB32E046D040006D33E /* Resources */,
			);
			buildRules = (
			);
			dependencies = (
			);
			name = ChatGPTCloneApp;
			productName = ChatGPTCloneApp;
			productReference = DAAC0AB52E046D040006D33E /* ChatGPTCloneApp.app */;
			productType = "com.apple.product-type.application";
		};
/* End PBXNativeTarget section */

/* Begin PBXProject section */
		DAAC0AAD2E046D040006D33E /* Project object */ = {
			isa = PBXProject;
			attributes = {
				BuildIndependentTargetsInParallel = 1;
				LastSwiftUpdateCheck = 1520;
				LastUpgradeCheck = 1520;
				TargetAttributes = {
					DAAC0AB42E046D040006D33E = {
						CreatedOnToolsVersion = 15.2;
					};
				};
			};
			buildConfigurationList = DAAC0AB02E046D040006D33E /* Build configuration list for PBXProject "ChatGPTCloneApp" */;
			compatibilityVersion = "Xcode 14.0";
			developmentRegion = en;
			hasScannedForEncodings = 0;
			knownRegions = (
				en,
				Base,
			);
			mainGroup = DAAC0AAC2E046D040006D33E;
			productRefGroup = DAAC0AB62E046D040006D33E /* Products */;
			projectDirPath = "";
			projectRoot = "";
			targets = (
				DAAC0AB42E046D040006D33E /* ChatGPTCloneApp */,
			);
		};
/* End PBXProject section */

/* Begin PBXResourcesBuildPhase section */
		DAAC0AB32E046D040006D33E /* Resources */ = {
			isa = PBXResourcesBuildPhase;
			buildActionMask = 2147483647;
			files = (
				DAAC0AC02E046D070006D33E /* Preview Assets.xcassets in Resources */,
				DAAC0ABD2E046D070006D33E /* Assets.xcassets in Resources */,
			);
			runOnlyForDeploymentPostprocessing = 0;
		};
/* End PBXResourcesBuildPhase section */

/* Begin PBXSourcesBuildPhase section */
		DAAC0AB12E046D040006D33E /* Sources */ = {
			isa = PBXSourcesBuildPhase;
			buildActionMask = 2147483647;
			files = (
				DAAC0AD22E04740C0006D33E /* GeminiNetworkService.swift in Sources */,
				DAAC0ADD2E0492760006D33E /* Extensions.swift in Sources */,
				DAAC0ADF2E0493570006D33E /* ChatView.swift in Sources */,
				DAAC0ADB2E048FD00006D33E /* NetworkServiceError.swift in Sources */,
				DAAC0AD42E0478E60006D33E /* ChatViewModel.swift in Sources */,
				DAABE3AB2E1DA328006E8310 /* ChatInputBarView.swift in Sources */,
				DAABE3B12E1DB49F006E8310 /* ChatBackgroundView.swift in Sources */,
				DAAC0AE12E04938E0006D33E /* MessageBubbleView.swift in Sources */,
				DAAC0AD02E0473DC0006D33E /* NetworkService.swift in Sources */,
				DAAC0ACC2E04738A0006D33E /* Message.swift in Sources */,
				DAAC0AE32E0494C60006D33E /* IdentifiableError.swift in Sources */,
				DAAC0ACE2E0473A30006D33E /* GeminiResponse.swift in Sources */,
				DAABE3AF2E1DAF33006E8310 /* LoadingIndicatorView.swift in Sources */,
				DAA9D06B2E1C7C9600405D5C /* ModelList.swift in Sources */,
				DAAC0AE52E04959C0006D33E /* MockNetworkService.swift in Sources */,
				DAABE3AD2E1DAB22006E8310 /* MessagesListView.swift in Sources */,
				DAAC0AB92E046D040006D33E /* ChatGPTCloneAppApp.swift in Sources */,
			);
			runOnlyForDeploymentPostprocessing = 0;
		};
/* End PBXSourcesBuildPhase section */

/* Begin XCBuildConfiguration section */
		DAAC0AC12E046D070006D33E /* Debug */ = {
			isa = XCBuildConfiguration;
			baseConfigurationReference = DAAC0AD72E048B250006D33E /* Secrets.xcconfig */;
			buildSettings = {
				ALWAYS_SEARCH_USER_PATHS = NO;
				ASSETCATALOG_COMPILER_GENERATE_SWIFT_ASSET_SYMBOL_EXTENSIONS = YES;
				CLANG_ANALYZER_NONNULL = YES;
				CLANG_ANALYZER_NUMBER_OBJECT_CONVERSION = YES_AGGRESSIVE;
				CLANG_CXX_LANGUAGE_STANDARD = "gnu++20";
				CLANG_ENABLE_MODULES = YES;
				CLANG_ENABLE_OBJC_ARC = YES;
				CLANG_ENABLE_OBJC_WEAK = YES;
				CLANG_WARN_BLOCK_CAPTURE_AUTORELEASING = YES;
				CLANG_WARN_BOOL_CONVERSION = YES;
				CLANG_WARN_COMMA = YES;
				CLANG_WARN_CONSTANT_CONVERSION = YES;
				CLANG_WARN_DEPRECATED_OBJC_IMPLEMENTATIONS = YES;
				CLANG_WARN_DIRECT_OBJC_ISA_USAGE = YES_ERROR;
				CLANG_WARN_DOCUMENTATION_COMMENTS = YES;
				CLANG_WARN_EMPTY_BODY = YES;
				CLANG_WARN_ENUM_CONVERSION = YES;
				CLANG_WARN_INFINITE_RECURSION = YES;
				CLANG_WARN_INT_CONVERSION = YES;
				CLANG_WARN_NON_LITERAL_NULL_CONVERSION = YES;
				CLANG_WARN_OBJC_IMPLICIT_RETAIN_SELF = YES;
				CLANG_WARN_OBJC_LITERAL_CONVERSION = YES;
				CLANG_WARN_OBJC_ROOT_CLASS = YES_ERROR;
				CLANG_WARN_QUOTED_INCLUDE_IN_FRAMEWORK_HEADER = YES;
				CLANG_WARN_RANGE_LOOP_ANALYSIS = YES;
				CLANG_WARN_STRICT_PROTOTYPES = YES;
				CLANG_WARN_SUSPICIOUS_MOVE = YES;
				CLANG_WARN_UNGUARDED_AVAILABILITY = YES_AGGRESSIVE;
				CLANG_WARN_UNREACHABLE_CODE = YES;
				CLANG_WARN__DUPLICATE_METHOD_MATCH = YES;
				COPY_PHASE_STRIP = NO;
				DEBUG_INFORMATION_FORMAT = dwarf;
				ENABLE_STRICT_OBJC_MSGSEND = YES;
				ENABLE_TESTABILITY = YES;
				ENABLE_USER_SCRIPT_SANDBOXING = YES;
				GCC_C_LANGUAGE_STANDARD = gnu17;
				GCC_DYNAMIC_NO_PIC = NO;
				GCC_NO_COMMON_BLOCKS = YES;
				GCC_OPTIMIZATION_LEVEL = 0;
				GCC_PREPROCESSOR_DEFINITIONS = (
					"DEBUG=1",
					"$(inherited)",
				);
				GCC_WARN_64_TO_32_BIT_CONVERSION = YES;
				GCC_WARN_ABOUT_RETURN_TYPE = YES_ERROR;
				GCC_WARN_UNDECLARED_SELECTOR = YES;
				GCC_WARN_UNINITIALIZED_AUTOS = YES_AGGRESSIVE;
				GCC_WARN_UNUSED_FUNCTION = YES;
				GCC_WARN_UNUSED_VARIABLE = YES;
				IPHONEOS_DEPLOYMENT_TARGET = 17.2;
				LOCALIZATION_PREFERS_STRING_CATALOGS = YES;
				MTL_ENABLE_DEBUG_INFO = INCLUDE_SOURCE;
				MTL_FAST_MATH = YES;
				ONLY_ACTIVE_ARCH = YES;
				SDKROOT = iphoneos;
				SWIFT_ACTIVE_COMPILATION_CONDITIONS = "DEBUG $(inherited)";
				SWIFT_OPTIMIZATION_LEVEL = "-Onone";
			};
			name = Debug;
		};
		DAAC0AC22E046D070006D33E /* Release */ = {
			isa = XCBuildConfiguration;
			baseConfigurationReference = DAAC0AD72E048B250006D33E /* Secrets.xcconfig */;
			buildSettings = {
				ALWAYS_SEARCH_USER_PATHS = NO;
				ASSETCATALOG_COMPILER_GENERATE_SWIFT_ASSET_SYMBOL_EXTENSIONS = YES;
				CLANG_ANALYZER_NONNULL = YES;
				CLANG_ANALYZER_NUMBER_OBJECT_CONVERSION = YES_AGGRESSIVE;
				CLANG_CXX_LANGUAGE_STANDARD = "gnu++20";
				CLANG_ENABLE_MODULES = YES;
				CLANG_ENABLE_OBJC_ARC = YES;
				CLANG_ENABLE_OBJC_WEAK = YES;
				CLANG_WARN_BLOCK_CAPTURE_AUTORELEASING = YES;
				CLANG_WARN_BOOL_CONVERSION = YES;
				CLANG_WARN_COMMA = YES;
				CLANG_WARN_CONSTANT_CONVERSION = YES;
				CLANG_WARN_DEPRECATED_OBJC_IMPLEMENTATIONS = YES;
				CLANG_WARN_DIRECT_OBJC_ISA_USAGE = YES_ERROR;
				CLANG_WARN_DOCUMENTATION_COMMENTS = YES;
				CLANG_WARN_EMPTY_BODY = YES;
				CLANG_WARN_ENUM_CONVERSION = YES;
				CLANG_WARN_INFINITE_RECURSION = YES;
				CLANG_WARN_INT_CONVERSION = YES;
				CLANG_WARN_NON_LITERAL_NULL_CONVERSION = YES;
				CLANG_WARN_OBJC_IMPLICIT_RETAIN_SELF = YES;
				CLANG_WARN_OBJC_LITERAL_CONVERSION = YES;
				CLANG_WARN_OBJC_ROOT_CLASS = YES_ERROR;
				CLANG_WARN_QUOTED_INCLUDE_IN_FRAMEWORK_HEADER = YES;
				CLANG_WARN_RANGE_LOOP_ANALYSIS = YES;
				CLANG_WARN_STRICT_PROTOTYPES = YES;
				CLANG_WARN_SUSPICIOUS_MOVE = YES;
				CLANG_WARN_UNGUARDED_AVAILABILITY = YES_AGGRESSIVE;
				CLANG_WARN_UNREACHABLE_CODE = YES;
				CLANG_WARN__DUPLICATE_METHOD_MATCH = YES;
				COPY_PHASE_STRIP = NO;
				DEBUG_INFORMATION_FORMAT = "dwarf-with-dsym";
				ENABLE_NS_ASSERTIONS = NO;
				ENABLE_STRICT_OBJC_MSGSEND = YES;
				ENABLE_USER_SCRIPT_SANDBOXING = YES;
				GCC_C_LANGUAGE_STANDARD = gnu17;
				GCC_NO_COMMON_BLOCKS = YES;
				GCC_WARN_64_TO_32_BIT_CONVERSION = YES;
				GCC_WARN_ABOUT_RETURN_TYPE = YES_ERROR;
				GCC_WARN_UNDECLARED_SELECTOR = YES;
				GCC_WARN_UNINITIALIZED_AUTOS = YES_AGGRESSIVE;
				GCC_WARN_UNUSED_FUNCTION = YES;
				GCC_WARN_UNUSED_VARIABLE = YES;
				IPHONEOS_DEPLOYMENT_TARGET = 17.2;
				LOCALIZATION_PREFERS_STRING_CATALOGS = YES;
				MTL_ENABLE_DEBUG_INFO = NO;
				MTL_FAST_MATH = YES;
				SDKROOT = iphoneos;
				SWIFT_COMPILATION_MODE = wholemodule;
				VALIDATE_PRODUCT = YES;
			};
			name = Release;
		};
		DAAC0AC42E046D070006D33E /* Debug */ = {
			isa = XCBuildConfiguration;
			baseConfigurationReference = DAAC0AD72E048B250006D33E /* Secrets.xcconfig */;
			buildSettings = {
				ASSETCATALOG_COMPILER_APPICON_NAME = AppIcon;
				ASSETCATALOG_COMPILER_GLOBAL_ACCENT_COLOR_NAME = AccentColor;
				CODE_SIGN_STYLE = Automatic;
				CURRENT_PROJECT_VERSION = 1;
				DEVELOPMENT_ASSET_PATHS = "\"ChatGPTCloneApp/Preview Content\"";
				DEVELOPMENT_TEAM = W25CN6H3TY;
				ENABLE_PREVIEWS = YES;
				GENERATE_INFOPLIST_FILE = YES;
				INFOPLIST_KEY_UIApplicationSceneManifest_Generation = YES;
				INFOPLIST_KEY_UIApplicationSupportsIndirectInputEvents = YES;
				INFOPLIST_KEY_UILaunchScreen_Generation = YES;
				INFOPLIST_KEY_UISupportedInterfaceOrientations = UIInterfaceOrientationPortrait;
				INFOPLIST_KEY_UISupportedInterfaceOrientations_iPad = "UIInterfaceOrientationLandscapeLeft UIInterfaceOrientationLandscapeRight UIInterfaceOrientationPortrait UIInterfaceOrientationPortraitUpsideDown";
				LD_RUNPATH_SEARCH_PATHS = (
					"$(inherited)",
					"@executable_path/Frameworks",
				);
				MARKETING_VERSION = 1.0;
				PRODUCT_BUNDLE_IDENTIFIER = TazoG.ChatGPTCloneApp;
				PRODUCT_NAME = "$(TARGET_NAME)";
				SWIFT_EMIT_LOC_STRINGS = YES;
				SWIFT_VERSION = 5.0;
				TARGETED_DEVICE_FAMILY = "1,2";
			};
			name = Debug;
		};
		DAAC0AC52E046D070006D33E /* Release */ = {
			isa = XCBuildConfiguration;
			baseConfigurationReference = DAAC0AD72E048B250006D33E /* Secrets.xcconfig */;
			buildSettings = {
				ASSETCATALOG_COMPILER_APPICON_NAME = AppIcon;
				ASSETCATALOG_COMPILER_GLOBAL_ACCENT_COLOR_NAME = AccentColor;
				CODE_SIGN_STYLE = Automatic;
				CURRENT_PROJECT_VERSION = 1;
				DEVELOPMENT_ASSET_PATHS = "\"ChatGPTCloneApp/Preview Content\"";
				DEVELOPMENT_TEAM = W25CN6H3TY;
				ENABLE_PREVIEWS = YES;
				GENERATE_INFOPLIST_FILE = YES;
				INFOPLIST_KEY_UIApplicationSceneManifest_Generation = YES;
				INFOPLIST_KEY_UIApplicationSupportsIndirectInputEvents = YES;
				INFOPLIST_KEY_UILaunchScreen_Generation = YES;
				INFOPLIST_KEY_UISupportedInterfaceOrientations = UIInterfaceOrientationPortrait;
				INFOPLIST_KEY_UISupportedInterfaceOrientations_iPad = "UIInterfaceOrientationLandscapeLeft UIInterfaceOrientationLandscapeRight UIInterfaceOrientationPortrait UIInterfaceOrientationPortraitUpsideDown";
				LD_RUNPATH_SEARCH_PATHS = (
					"$(inherited)",
					"@executable_path/Frameworks",
				);
				MARKETING_VERSION = 1.0;
				PRODUCT_BUNDLE_IDENTIFIER = TazoG.ChatGPTCloneApp;
				PRODUCT_NAME = "$(TARGET_NAME)";
				SWIFT_EMIT_LOC_STRINGS = YES;
				SWIFT_VERSION = 5.0;
				TARGETED_DEVICE_FAMILY = "1,2";
			};
			name = Release;
		};
/* End XCBuildConfiguration section */

/* Begin XCConfigurationList section */
		DAAC0AB02E046D040006D33E /* Build configuration list for PBXProject "ChatGPTCloneApp" */ = {
			isa = XCConfigurationList;
			buildConfigurations = (
				DAAC0AC12E046D070006D33E /* Debug */,
				DAAC0AC22E046D070006D33E /* Release */,
			);
			defaultConfigurationIsVisible = 0;
			defaultConfigurationName = Release;
		};
		DAAC0AC32E046D070006D33E /* Build configuration list for PBXNativeTarget "ChatGPTCloneApp" */ = {
			isa = XCConfigurationList;
			buildConfigurations = (
				DAAC0AC42E046D070006D33E /* Debug */,
				DAAC0AC52E046D070006D33E /* Release */,
			);
			defaultConfigurationIsVisible = 0;
			defaultConfigurationName = Release;
		};
/* End XCConfigurationList section */
	};
	rootObject = DAAC0AAD2E046D040006D33E /* Project object */;
}
